
Microsoft Visual Studio Solution File, Format Version 12.00
# Visual Studio Version 17
VisualStudioVersion = 17.4.33213.308
MinimumVisualStudioVersion = 10.0.40219.1
Project("{FAE04EC0-301F-11D3-BF4B-00C04F79EFBC}") = "Pratice_Problems", "Pratice_Problems\Pratice_Problems.csproj", "{B3656617-41FC-4D58-932F-F4FEC131142A}"
EndProject
Project("{FAE04EC0-301F-11D3-BF4B-00C04F79EFBC}") = "Pratice_ProblemsCommon", "Pratice_ProblemsCommon\Pratice_ProblemsCommon.csproj", "{5ED2FC76-B611-445A-B818-BD356FC3C4E9}"
EndProject
Project("{FAE04EC0-301F-11D3-BF4B-00C04F79EFBC}") = "Pratice_ProblemsData", "Pratice_ProblemsData\Pratice_ProblemsData.csproj", "{0C91857C-76F9-4DA3-BC01-B9DDB5FA1728}"
EndProject
Project("{FAE04EC0-301F-11D3-BF4B-00C04F79EFBC}") = "Pratice_ProblemsLogic", "Pratice_ProblemsLogic\Pratice_ProblemsLogic.csproj", "{11E6BC0A-25FF-460E-B32F-E791D0484916}"
EndProject
Project("{FAE04EC0-301F-11D3-BF4B-00C04F79EFBC}") = "Pratice_ProblemsTest", "Pratice_ProblemsTest\Pratice_ProblemsTest.csproj", "{F5279ED0-2607-4986-BC68-7C4C831E8A22}"
EndProject
Global
	GlobalSection(SolutionConfigurationPlatforms) = preSolution
		Debug|Any CPU = Debug|Any CPU
		Release|Any CPU = Release|Any CPU
	EndGlobalSection
	GlobalSection(ProjectConfigurationPlatforms) = postSolution
		{B3656617-41FC-4D58-932F-F4FEC131142A}.Debug|Any CPU.ActiveCfg = Debug|Any CPU
		{B3656617-41FC-4D58-932F-F4FEC131142A}.Debug|Any CPU.Build.0 = Debug|Any CPU
		{B3656617-41FC-4D58-932F-F4FEC131142A}.Release|Any CPU.ActiveCfg = Release|Any CPU
		{B3656617-41FC-4D58-932F-F4FEC131142A}.Release|Any CPU.Build.0 = Release|Any CPU
		{5ED2FC76-B611-445A-B818-BD356FC3C4E9}.Debug|Any CPU.ActiveCfg = Debug|Any CPU
		{5ED2FC76-B611-445A-B818-BD356FC3C4E9}.Debug|Any CPU.Build.0 = Debug|Any CPU
		{5ED2FC76-B611-445A-B818-BD356FC3C4E9}.Release|Any CPU.ActiveCfg = Release|Any CPU
		{5ED2FC76-B611-445A-B818-BD356FC3C4E9}.Release|Any CPU.Build.0 = Release|Any CPU
		{0C91857C-76F9-4DA3-BC01-B9DDB5FA1728}.Debug|Any CPU.ActiveCfg = Debug|Any CPU
		{0C91857C-76F9-4DA3-BC01-B9DDB5FA1728}.Debug|Any CPU.Build.0 = Debug|Any CPU
		{0C91857C-76F9-4DA3-BC01-B9DDB5FA1728}.Release|Any CPU.ActiveCfg = Release|Any CPU
		{0C91857C-76F9-4DA3-BC01-B9DDB5FA1728}.Release|Any CPU.Build.0 = Release|Any CPU
		{11E6BC0A-25FF-460E-B32F-E791D0484916}.Debug|Any CPU.ActiveCfg = Debug|Any CPU
		{11E6BC0A-25FF-460E-B32F-E791D0484916}.Debug|Any CPU.Build.0 = Debug|Any CPU
		{11E6BC0A-25FF-460E-B32F-E791D0484916}.Release|Any CPU.ActiveCfg = Release|Any CPU
		{11E6BC0A-25FF-460E-B32F-E791D0484916}.Release|Any CPU.Build.0 = Release|Any CPU
		{F5279ED0-2607-4986-BC68-7C4C831E8A22}.Debug|Any CPU.ActiveCfg = Debug|Any CPU
		{F5279ED0-2607-4986-BC68-7C4C831E8A22}.Debug|Any CPU.Build.0 = Debug|Any CPU
		{F5279ED0-2607-4986-BC68-7C4C831E8A22}.Release|Any CPU.ActiveCfg = Release|Any CPU
		{F5279ED0-2607-4986-BC68-7C4C831E8A22}.Release|Any CPU.Build.0 = Release|Any CPU
	EndGlobalSection
	GlobalSection(SolutionProperties) = preSolution
		HideSolutionNode = FALSE
	EndGlobalSection
	GlobalSection(ExtensibilityGlobals) = postSolution
		SolutionGuid = {D098620A-5C09-4D73-A108-28618552C00F}
	EndGlobalSection
EndGlobal
